
Microsoft Visual Studio Solution File, Format Version 12.00
# Visual Studio Version 17
VisualStudioVersion = 17.0.32014.148
MinimumVisualStudioVersion = 10.0.40219.1
Project("{2150E333-8FDC-42A3-9474-1A3956D46DE8}") = "SolutionItems", "SolutionItems", "{CD5DC172-CAF8-49B0-9DE2-3530BED734C8}"
	ProjectSection(SolutionItems) = preProject
		.gitignore = .gitignore
		README.md = README.md
	EndProjectSection
EndProject
Project("{9A19103F-16F7-4668-BE54-9A1E7A4F7556}") = "Packer2.Library", "Packer2.Library\Packer2.Library.csproj", "{DA1EF09F-F391-4A91-BF96-393A347970AF}"
EndProject
Project("{9A19103F-16F7-4668-BE54-9A1E7A4F7556}") = "Packer2.Tests", "Packer2.Tests\Packer2.Tests.csproj", "{502CBA02-23C0-49DA-B60F-8EA459102014}"
EndProject
Project("{9A19103F-16F7-4668-BE54-9A1E7A4F7556}") = "Packer2.PS", "Packer2.PS\Packer2.PS.csproj", "{FFE52E5A-01AF-46A1-9B7A-73937CF5EE84}"
EndProject
Global
	GlobalSection(SolutionConfigurationPlatforms) = preSolution
		Debug|Any CPU = Debug|Any CPU
		Debug|x86 = Debug|x86
		Development|Any CPU = Development|Any CPU
		Development|x86 = Development|x86
		Release|Any CPU = Release|Any CPU
		Release|x86 = Release|x86
	EndGlobalSection
	GlobalSection(ProjectConfigurationPlatforms) = postSolution
		{DA1EF09F-F391-4A91-BF96-393A347970AF}.Debug|Any CPU.ActiveCfg = Debug|Any CPU
		{DA1EF09F-F391-4A91-BF96-393A347970AF}.Debug|Any CPU.Build.0 = Debug|Any CPU
		{DA1EF09F-F391-4A91-BF96-393A347970AF}.Debug|x86.ActiveCfg = Debug|Any CPU
		{DA1EF09F-F391-4A91-BF96-393A347970AF}.Debug|x86.Build.0 = Debug|Any CPU
		{DA1EF09F-F391-4A91-BF96-393A347970AF}.Development|Any CPU.ActiveCfg = Debug|Any CPU
		{DA1EF09F-F391-4A91-BF96-393A347970AF}.Development|Any CPU.Build.0 = Debug|Any CPU
		{DA1EF09F-F391-4A91-BF96-393A347970AF}.Development|x86.ActiveCfg = Debug|Any CPU
		{DA1EF09F-F391-4A91-BF96-393A347970AF}.Development|x86.Build.0 = Debug|Any CPU
		{DA1EF09F-F391-4A91-BF96-393A347970AF}.Release|Any CPU.ActiveCfg = Release|Any CPU
		{DA1EF09F-F391-4A91-BF96-393A347970AF}.Release|Any CPU.Build.0 = Release|Any CPU
		{DA1EF09F-F391-4A91-BF96-393A347970AF}.Release|x86.ActiveCfg = Release|Any CPU
		{DA1EF09F-F391-4A91-BF96-393A347970AF}.Release|x86.Build.0 = Release|Any CPU
		{502CBA02-23C0-49DA-B60F-8EA459102014}.Debug|Any CPU.ActiveCfg = Debug|Any CPU
		{502CBA02-23C0-49DA-B60F-8EA459102014}.Debug|Any CPU.Build.0 = Debug|Any CPU
		{502CBA02-23C0-49DA-B60F-8EA459102014}.Debug|x86.ActiveCfg = Debug|Any CPU
		{502CBA02-23C0-49DA-B60F-8EA459102014}.Debug|x86.Build.0 = Debug|Any CPU
		{502CBA02-23C0-49DA-B60F-8EA459102014}.Development|Any CPU.ActiveCfg = Debug|Any CPU
		{502CBA02-23C0-49DA-B60F-8EA459102014}.Development|Any CPU.Build.0 = Debug|Any CPU
		{502CBA02-23C0-49DA-B60F-8EA459102014}.Development|x86.ActiveCfg = Debug|Any CPU
		{502CBA02-23C0-49DA-B60F-8EA459102014}.Development|x86.Build.0 = Debug|Any CPU
		{502CBA02-23C0-49DA-B60F-8EA459102014}.Release|Any CPU.ActiveCfg = Release|Any CPU
		{502CBA02-23C0-49DA-B60F-8EA459102014}.Release|Any CPU.Build.0 = Release|Any CPU
		{502CBA02-23C0-49DA-B60F-8EA459102014}.Release|x86.ActiveCfg = Release|Any CPU
		{502CBA02-23C0-49DA-B60F-8EA459102014}.Release|x86.Build.0 = Release|Any CPU
		{FFE52E5A-01AF-46A1-9B7A-73937CF5EE84}.Debug|Any CPU.ActiveCfg = Debug|Any CPU
		{FFE52E5A-01AF-46A1-9B7A-73937CF5EE84}.Debug|Any CPU.Build.0 = Debug|Any CPU
		{FFE52E5A-01AF-46A1-9B7A-73937CF5EE84}.Debug|x86.ActiveCfg = Debug|Any CPU
		{FFE52E5A-01AF-46A1-9B7A-73937CF5EE84}.Debug|x86.Build.0 = Debug|Any CPU
		{FFE52E5A-01AF-46A1-9B7A-73937CF5EE84}.Development|Any CPU.ActiveCfg = Debug|Any CPU
		{FFE52E5A-01AF-46A1-9B7A-73937CF5EE84}.Development|Any CPU.Build.0 = Debug|Any CPU
		{FFE52E5A-01AF-46A1-9B7A-73937CF5EE84}.Development|x86.ActiveCfg = Debug|Any CPU
		{FFE52E5A-01AF-46A1-9B7A-73937CF5EE84}.Development|x86.Build.0 = Debug|Any CPU
		{FFE52E5A-01AF-46A1-9B7A-73937CF5EE84}.Release|Any CPU.ActiveCfg = Release|Any CPU
		{FFE52E5A-01AF-46A1-9B7A-73937CF5EE84}.Release|Any CPU.Build.0 = Release|Any CPU
		{FFE52E5A-01AF-46A1-9B7A-73937CF5EE84}.Release|x86.ActiveCfg = Release|Any CPU
		{FFE52E5A-01AF-46A1-9B7A-73937CF5EE84}.Release|x86.Build.0 = Release|Any CPU
	EndGlobalSection
	GlobalSection(SolutionProperties) = preSolution
		HideSolutionNode = FALSE
	EndGlobalSection
	GlobalSection(ExtensibilityGlobals) = postSolution
		SolutionGuid = {FA1B5803-FC19-42C3-9CE1-DA2F057026EC}
	EndGlobalSection
EndGlobal
