
Microsoft Visual Studio Solution File, Format Version 12.00
# Visual Studio Version 17
VisualStudioVersion = 17.0.32014.148
MinimumVisualStudioVersion = 10.0.40219.1
Project("{9A19103F-16F7-4668-BE54-9A1E7A4F7556}") = "Packer", "Packer\Packer.csproj", "{8E0E586F-E80E-4F1E-B6C7-AF27AC14B8AF}"
EndProject
Project("{9A19103F-16F7-4668-BE54-9A1E7A4F7556}") = "Packer.UI", "Packer.UI\Packer.UI.csproj", "{78FFDB2D-C745-48EE-94DF-535BACC7CCE4}"
EndProject
Project("{2150E333-8FDC-42A3-9474-1A3956D46DE8}") = "SolutionItems", "SolutionItems", "{CD5DC172-CAF8-49B0-9DE2-3530BED734C8}"
	ProjectSection(SolutionItems) = preProject
		.gitignore = .gitignore
		README.md = README.md
	EndProjectSection
EndProject
Project("{9A19103F-16F7-4668-BE54-9A1E7A4F7556}") = "Packer.Tests", "Packer.Tests\Packer.Tests.csproj", "{A2B40A4E-7D40-455F-87D1-C00B6A2C1625}"
EndProject
Project("{FAE04EC0-301F-11D3-BF4B-00C04F79EFBC}") = "DataModelLoader", "DataModelLoader\DataModelLoader.csproj", "{2A507E97-8BF8-4F6D-AE6B-71F836D2024B}"
EndProject
Project("{FAE04EC0-301F-11D3-BF4B-00C04F79EFBC}") = "Packer.Tests2", "Packer.Tests2\Packer.Tests2.csproj", "{C68E247F-243A-4213-8380-F98D7E82FB03}"
EndProject
Project("{FAE04EC0-301F-11D3-BF4B-00C04F79EFBC}") = "CommandLineParserTEST", "CommandLineParserTEST\CommandLineParserTEST.csproj", "{AB0B5ACA-E0E6-40B6-967C-F1170E588547}"
EndProject
Project("{FAE04EC0-301F-11D3-BF4B-00C04F79EFBC}") = "Packer2.Library", "Packer2.Library\Packer2.Library.csproj", "{DA1EF09F-F391-4A91-BF96-393A347970AF}"
EndProject
Project("{2150E333-8FDC-42A3-9474-1A3956D46DE8}") = "Packer Old", "Packer Old", "{213F9633-C3FC-46F9-841F-2102DD7D1D96}"
EndProject
Global
	GlobalSection(SolutionConfigurationPlatforms) = preSolution
		Debug|Any CPU = Debug|Any CPU
		Release|Any CPU = Release|Any CPU
	EndGlobalSection
	GlobalSection(ProjectConfigurationPlatforms) = postSolution
		{8E0E586F-E80E-4F1E-B6C7-AF27AC14B8AF}.Debug|Any CPU.ActiveCfg = Debug|Any CPU
		{8E0E586F-E80E-4F1E-B6C7-AF27AC14B8AF}.Debug|Any CPU.Build.0 = Debug|Any CPU
		{8E0E586F-E80E-4F1E-B6C7-AF27AC14B8AF}.Release|Any CPU.ActiveCfg = Release|Any CPU
		{8E0E586F-E80E-4F1E-B6C7-AF27AC14B8AF}.Release|Any CPU.Build.0 = Release|Any CPU
		{78FFDB2D-C745-48EE-94DF-535BACC7CCE4}.Debug|Any CPU.ActiveCfg = Debug|Any CPU
		{78FFDB2D-C745-48EE-94DF-535BACC7CCE4}.Debug|Any CPU.Build.0 = Debug|Any CPU
		{78FFDB2D-C745-48EE-94DF-535BACC7CCE4}.Release|Any CPU.ActiveCfg = Release|Any CPU
		{78FFDB2D-C745-48EE-94DF-535BACC7CCE4}.Release|Any CPU.Build.0 = Release|Any CPU
		{A2B40A4E-7D40-455F-87D1-C00B6A2C1625}.Debug|Any CPU.ActiveCfg = Debug|Any CPU
		{A2B40A4E-7D40-455F-87D1-C00B6A2C1625}.Debug|Any CPU.Build.0 = Debug|Any CPU
		{A2B40A4E-7D40-455F-87D1-C00B6A2C1625}.Release|Any CPU.ActiveCfg = Release|Any CPU
		{A2B40A4E-7D40-455F-87D1-C00B6A2C1625}.Release|Any CPU.Build.0 = Release|Any CPU
		{2A507E97-8BF8-4F6D-AE6B-71F836D2024B}.Debug|Any CPU.ActiveCfg = Debug|Any CPU
		{2A507E97-8BF8-4F6D-AE6B-71F836D2024B}.Debug|Any CPU.Build.0 = Debug|Any CPU
		{2A507E97-8BF8-4F6D-AE6B-71F836D2024B}.Release|Any CPU.ActiveCfg = Release|Any CPU
		{2A507E97-8BF8-4F6D-AE6B-71F836D2024B}.Release|Any CPU.Build.0 = Release|Any CPU
		{C68E247F-243A-4213-8380-F98D7E82FB03}.Debug|Any CPU.ActiveCfg = Debug|Any CPU
		{C68E247F-243A-4213-8380-F98D7E82FB03}.Debug|Any CPU.Build.0 = Debug|Any CPU
		{C68E247F-243A-4213-8380-F98D7E82FB03}.Release|Any CPU.ActiveCfg = Release|Any CPU
		{C68E247F-243A-4213-8380-F98D7E82FB03}.Release|Any CPU.Build.0 = Release|Any CPU
		{AB0B5ACA-E0E6-40B6-967C-F1170E588547}.Debug|Any CPU.ActiveCfg = Debug|Any CPU
		{AB0B5ACA-E0E6-40B6-967C-F1170E588547}.Debug|Any CPU.Build.0 = Debug|Any CPU
		{AB0B5ACA-E0E6-40B6-967C-F1170E588547}.Release|Any CPU.ActiveCfg = Release|Any CPU
		{AB0B5ACA-E0E6-40B6-967C-F1170E588547}.Release|Any CPU.Build.0 = Release|Any CPU
		{DA1EF09F-F391-4A91-BF96-393A347970AF}.Debug|Any CPU.ActiveCfg = Debug|Any CPU
		{DA1EF09F-F391-4A91-BF96-393A347970AF}.Debug|Any CPU.Build.0 = Debug|Any CPU
		{DA1EF09F-F391-4A91-BF96-393A347970AF}.Release|Any CPU.ActiveCfg = Release|Any CPU
		{DA1EF09F-F391-4A91-BF96-393A347970AF}.Release|Any CPU.Build.0 = Release|Any CPU
	EndGlobalSection
	GlobalSection(SolutionProperties) = preSolution
		HideSolutionNode = FALSE
	EndGlobalSection
	GlobalSection(NestedProjects) = preSolution
		{8E0E586F-E80E-4F1E-B6C7-AF27AC14B8AF} = {213F9633-C3FC-46F9-841F-2102DD7D1D96}
		{78FFDB2D-C745-48EE-94DF-535BACC7CCE4} = {213F9633-C3FC-46F9-841F-2102DD7D1D96}
		{A2B40A4E-7D40-455F-87D1-C00B6A2C1625} = {213F9633-C3FC-46F9-841F-2102DD7D1D96}
		{2A507E97-8BF8-4F6D-AE6B-71F836D2024B} = {213F9633-C3FC-46F9-841F-2102DD7D1D96}
		{C68E247F-243A-4213-8380-F98D7E82FB03} = {213F9633-C3FC-46F9-841F-2102DD7D1D96}
		{AB0B5ACA-E0E6-40B6-967C-F1170E588547} = {213F9633-C3FC-46F9-841F-2102DD7D1D96}
	EndGlobalSection
	GlobalSection(ExtensibilityGlobals) = postSolution
		SolutionGuid = {FA1B5803-FC19-42C3-9CE1-DA2F057026EC}
	EndGlobalSection
EndGlobal
